
Microsoft Visual Studio Solution File, Format Version 12.00
# Visual Studio Version 17
VisualStudioVersion = 17.10.35004.147
MinimumVisualStudioVersion = 10.0.40219.1
Project("{FAE04EC0-301F-11D3-BF4B-00C04F79EFBC}") = "Which number is bigger", "Which number is bigger.csproj", "{3862641E-30BF-4627-B046-796D8467BC38}"
EndProject
Global
	GlobalSection(SolutionConfigurationPlatforms) = preSolution
		Debug|Any CPU = Debug|Any CPU
		Release|Any CPU = Release|Any CPU
	EndGlobalSection
	GlobalSection(ProjectConfigurationPlatforms) = postSolution
		{3862641E-30BF-4627-B046-796D8467BC38}.Debug|Any CPU.ActiveCfg = Debug|Any CPU
		{3862641E-30BF-4627-B046-796D8467BC38}.Debug|Any CPU.Build.0 = Debug|Any CPU
		{3862641E-30BF-4627-B046-796D8467BC38}.Release|Any CPU.ActiveCfg = Release|Any CPU
		{3862641E-30BF-4627-B046-796D8467BC38}.Release|Any CPU.Build.0 = Release|Any CPU
	EndGlobalSection
	GlobalSection(SolutionProperties) = preSolution
		HideSolutionNode = FALSE
	EndGlobalSection
	GlobalSection(ExtensibilityGlobals) = postSolution
		SolutionGuid = {4DDA22FA-1595-45FC-BD70-803F78356090}
	EndGlobalSection
EndGlobal
